
Microsoft Visual Studio Solution File, Format Version 12.00
# Visual Studio Version 17
VisualStudioVersion = 17.9.34616.47
MinimumVisualStudioVersion = 10.0.40219.1
Project("{FAE04EC0-301F-11D3-BF4B-00C04F79EFBC}") = "DemoCoronavirusWpfMVVM.NET", "DemoCoronavirusWpfMVVM.NET\DemoCoronavirusWpfMVVM.NET.csproj", "{92F96329-349B-437A-A025-3D0D506F66CC}"
EndProject
Global
	GlobalSection(SolutionConfigurationPlatforms) = preSolution
		Debug|Any CPU = Debug|Any CPU
		Release|Any CPU = Release|Any CPU
	EndGlobalSection
	GlobalSection(ProjectConfigurationPlatforms) = postSolution
		{92F96329-349B-437A-A025-3D0D506F66CC}.Debug|Any CPU.ActiveCfg = Debug|Any CPU
		{92F96329-349B-437A-A025-3D0D506F66CC}.Debug|Any CPU.Build.0 = Debug|Any CPU
		{92F96329-349B-437A-A025-3D0D506F66CC}.Release|Any CPU.ActiveCfg = Release|Any CPU
		{92F96329-349B-437A-A025-3D0D506F66CC}.Release|Any CPU.Build.0 = Release|Any CPU
	EndGlobalSection
	GlobalSection(SolutionProperties) = preSolution
		HideSolutionNode = FALSE
	EndGlobalSection
	GlobalSection(ExtensibilityGlobals) = postSolution
		SolutionGuid = {6364C5FB-A078-42A7-AEDE-84B36E08EBDB}
	EndGlobalSection
EndGlobal
